
Microsoft Visual Studio Solution File, Format Version 12.00
# Visual Studio Version 17
VisualStudioVersion = 17.2.32616.157
MinimumVisualStudioVersion = 10.0.40219.1
Project("{FAE04EC0-301F-11D3-BF4B-00C04F79EFBC}") = "GoogleMessengerExtension.Web", "GoogleMessengerExtension.Web.csproj", "{FBCB899E-914B-4CB9-A465-0836C76D574D}"
EndProject
Global
	GlobalSection(SolutionConfigurationPlatforms) = preSolution
		Debug|Any CPU = Debug|Any CPU
		Release|Any CPU = Release|Any CPU
	EndGlobalSection
	GlobalSection(ProjectConfigurationPlatforms) = postSolution
		{FBCB899E-914B-4CB9-A465-0836C76D574D}.Debug|Any CPU.ActiveCfg = Debug|Any CPU
		{FBCB899E-914B-4CB9-A465-0836C76D574D}.Debug|Any CPU.Build.0 = Debug|Any CPU
		{FBCB899E-914B-4CB9-A465-0836C76D574D}.Release|Any CPU.ActiveCfg = Release|Any CPU
		{FBCB899E-914B-4CB9-A465-0836C76D574D}.Release|Any CPU.Build.0 = Release|Any CPU
	EndGlobalSection
	GlobalSection(SolutionProperties) = preSolution
		HideSolutionNode = FALSE
	EndGlobalSection
	GlobalSection(ExtensibilityGlobals) = postSolution
		SolutionGuid = {F745FFB1-D282-4C25-B28B-7BFCAF4DEDAF}
	EndGlobalSection
EndGlobal
